
Microsoft Visual Studio Solution File, Format Version 12.00
# Visual Studio Version 17
VisualStudioVersion = 17.7.34031.279
MinimumVisualStudioVersion = 10.0.40219.1
Project("{FAE04EC0-301F-11D3-BF4B-00C04F79EFBC}") = "Lab 12", "Lab 12\Lab 12.csproj", "{4BBB0746-B25D-4DD6-8E33-84AB50DB0AEC}"
EndProject
Global
	GlobalSection(SolutionConfigurationPlatforms) = preSolution
		Debug|Any CPU = Debug|Any CPU
		Release|Any CPU = Release|Any CPU
	EndGlobalSection
	GlobalSection(ProjectConfigurationPlatforms) = postSolution
		{4BBB0746-B25D-4DD6-8E33-84AB50DB0AEC}.Debug|Any CPU.ActiveCfg = Debug|Any CPU
		{4BBB0746-B25D-4DD6-8E33-84AB50DB0AEC}.Debug|Any CPU.Build.0 = Debug|Any CPU
		{4BBB0746-B25D-4DD6-8E33-84AB50DB0AEC}.Release|Any CPU.ActiveCfg = Release|Any CPU
		{4BBB0746-B25D-4DD6-8E33-84AB50DB0AEC}.Release|Any CPU.Build.0 = Release|Any CPU
	EndGlobalSection
	GlobalSection(SolutionProperties) = preSolution
		HideSolutionNode = FALSE
	EndGlobalSection
	GlobalSection(ExtensibilityGlobals) = postSolution
		SolutionGuid = {6DA00BFA-FE5A-4CBE-87C0-5F032C9A932B}
	EndGlobalSection
EndGlobal
