
Microsoft Visual Studio Solution File, Format Version 12.00
# Visual Studio Version 17
VisualStudioVersion = 17.5.33516.290
MinimumVisualStudioVersion = 10.0.40219.1
Project("{FAE04EC0-301F-11D3-BF4B-00C04F79EFBC}") = "Lab15", "Lab15.csproj", "{43059E0D-38A2-47BC-82C9-663BC5DB348E}"
EndProject
Global
	GlobalSection(SolutionConfigurationPlatforms) = preSolution
		Debug|Any CPU = Debug|Any CPU
		Release|Any CPU = Release|Any CPU
	EndGlobalSection
	GlobalSection(ProjectConfigurationPlatforms) = postSolution
		{43059E0D-38A2-47BC-82C9-663BC5DB348E}.Debug|Any CPU.ActiveCfg = Debug|Any CPU
		{43059E0D-38A2-47BC-82C9-663BC5DB348E}.Debug|Any CPU.Build.0 = Debug|Any CPU
		{43059E0D-38A2-47BC-82C9-663BC5DB348E}.Release|Any CPU.ActiveCfg = Release|Any CPU
		{43059E0D-38A2-47BC-82C9-663BC5DB348E}.Release|Any CPU.Build.0 = Release|Any CPU
	EndGlobalSection
	GlobalSection(SolutionProperties) = preSolution
		HideSolutionNode = FALSE
	EndGlobalSection
	GlobalSection(ExtensibilityGlobals) = postSolution
		SolutionGuid = {24A035A2-6EDE-4A9B-94DB-340E199AC4C9}
	EndGlobalSection
EndGlobal
